
Microsoft Visual Studio Solution File, Format Version 12.00
# Visual Studio 15
VisualStudioVersion = 15.0.27004.2006
MinimumVisualStudioVersion = 10.0.40219.1
Project("{FAE04EC0-301F-11D3-BF4B-00C04F79EFBC}") = "SliverFernApp.Android", "SliverFernApp\SliverFernApp.Android\SliverFernApp.Android.csproj", "{B04B8CCA-96E1-4E7A-BAF7-6B021B525AA4}"
EndProject
Project("{FAE04EC0-301F-11D3-BF4B-00C04F79EFBC}") = "SliverFernApp", "SliverFernApp\SliverFernApp\SliverFernApp.csproj", "{0B2212A9-FB13-4CE5-A6AB-E8D72B099F44}"
EndProject
Project("{FAE04EC0-301F-11D3-BF4B-00C04F79EFBC}") = "SliverFernApp.UWP", "SliverFernApp\SliverFernApp.UWP\SliverFernApp.UWP.csproj", "{4169D631-7786-40DC-BF7F-48747D339B84}"
EndProject
Project("{FAE04EC0-301F-11D3-BF4B-00C04F79EFBC}") = "SliverFernApp.iOS", "SliverFernApp\SliverFernApp.iOS\SliverFernApp.iOS.csproj", "{8BCA25F8-0247-4F20-8016-801B69D13BF1}"
EndProject
Global
	GlobalSection(SolutionConfigurationPlatforms) = preSolution
		Ad-Hoc|Any CPU = Ad-Hoc|Any CPU
		Ad-Hoc|ARM = Ad-Hoc|ARM
		Ad-Hoc|iPhone = Ad-Hoc|iPhone
		Ad-Hoc|iPhoneSimulator = Ad-Hoc|iPhoneSimulator
		Ad-Hoc|x64 = Ad-Hoc|x64
		Ad-Hoc|x86 = Ad-Hoc|x86
		AppStore|Any CPU = AppStore|Any CPU
		AppStore|ARM = AppStore|ARM
		AppStore|iPhone = AppStore|iPhone
		AppStore|iPhoneSimulator = AppStore|iPhoneSimulator
		AppStore|x64 = AppStore|x64
		AppStore|x86 = AppStore|x86
		Debug|Any CPU = Debug|Any CPU
		Debug|ARM = Debug|ARM
		Debug|iPhone = Debug|iPhone
		Debug|iPhoneSimulator = Debug|iPhoneSimulator
		Debug|x64 = Debug|x64
		Debug|x86 = Debug|x86
		Release|Any CPU = Release|Any CPU
		Release|ARM = Release|ARM
		Release|iPhone = Release|iPhone
		Release|iPhoneSimulator = Release|iPhoneSimulator
		Release|x64 = Release|x64
		Release|x86 = Release|x86
	EndGlobalSection
	GlobalSection(ProjectConfigurationPlatforms) = postSolution
		{B04B8CCA-96E1-4E7A-BAF7-6B021B525AA4}.Ad-Hoc|Any CPU.ActiveCfg = Release|Any CPU
		{B04B8CCA-96E1-4E7A-BAF7-6B021B525AA4}.Ad-Hoc|Any CPU.Build.0 = Release|Any CPU
		{B04B8CCA-96E1-4E7A-BAF7-6B021B525AA4}.Ad-Hoc|Any CPU.Deploy.0 = Release|Any CPU
		{B04B8CCA-96E1-4E7A-BAF7-6B021B525AA4}.Ad-Hoc|ARM.ActiveCfg = Release|Any CPU
		{B04B8CCA-96E1-4E7A-BAF7-6B021B525AA4}.Ad-Hoc|ARM.Build.0 = Release|Any CPU
		{B04B8CCA-96E1-4E7A-BAF7-6B021B525AA4}.Ad-Hoc|ARM.Deploy.0 = Release|Any CPU
		{B04B8CCA-96E1-4E7A-BAF7-6B021B525AA4}.Ad-Hoc|iPhone.ActiveCfg = Release|Any CPU
		{B04B8CCA-96E1-4E7A-BAF7-6B021B525AA4}.Ad-Hoc|iPhone.Build.0 = Release|Any CPU
		{B04B8CCA-96E1-4E7A-BAF7-6B021B525AA4}.Ad-Hoc|iPhone.Deploy.0 = Release|Any CPU
		{B04B8CCA-96E1-4E7A-BAF7-6B021B525AA4}.Ad-Hoc|iPhoneSimulator.ActiveCfg = Release|Any CPU
		{B04B8CCA-96E1-4E7A-BAF7-6B021B525AA4}.Ad-Hoc|iPhoneSimulator.Build.0 = Release|Any CPU
		{B04B8CCA-96E1-4E7A-BAF7-6B021B525AA4}.Ad-Hoc|iPhoneSimulator.Deploy.0 = Release|Any CPU
		{B04B8CCA-96E1-4E7A-BAF7-6B021B525AA4}.Ad-Hoc|x64.ActiveCfg = Release|Any CPU
		{B04B8CCA-96E1-4E7A-BAF7-6B021B525AA4}.Ad-Hoc|x64.Build.0 = Release|Any CPU
		{B04B8CCA-96E1-4E7A-BAF7-6B021B525AA4}.Ad-Hoc|x64.Deploy.0 = Release|Any CPU
		{B04B8CCA-96E1-4E7A-BAF7-6B021B525AA4}.Ad-Hoc|x86.ActiveCfg = Release|Any CPU
		{B04B8CCA-96E1-4E7A-BAF7-6B021B525AA4}.Ad-Hoc|x86.Build.0 = Release|Any CPU
		{B04B8CCA-96E1-4E7A-BAF7-6B021B525AA4}.Ad-Hoc|x86.Deploy.0 = Release|Any CPU
		{B04B8CCA-96E1-4E7A-BAF7-6B021B525AA4}.AppStore|Any CPU.ActiveCfg = Release|Any CPU
		{B04B8CCA-96E1-4E7A-BAF7-6B021B525AA4}.AppStore|Any CPU.Build.0 = Release|Any CPU
		{B04B8CCA-96E1-4E7A-BAF7-6B021B525AA4}.AppStore|Any CPU.Deploy.0 = Release|Any CPU
		{B04B8CCA-96E1-4E7A-BAF7-6B021B525AA4}.AppStore|ARM.ActiveCfg = Release|Any CPU
		{B04B8CCA-96E1-4E7A-BAF7-6B021B525AA4}.AppStore|ARM.Build.0 = Release|Any CPU
		{B04B8CCA-96E1-4E7A-BAF7-6B021B525AA4}.AppStore|ARM.Deploy.0 = Release|Any CPU
		{B04B8CCA-96E1-4E7A-BAF7-6B021B525AA4}.AppStore|iPhone.ActiveCfg = Release|Any CPU
		{B04B8CCA-96E1-4E7A-BAF7-6B021B525AA4}.AppStore|iPhone.Build.0 = Release|Any CPU
		{B04B8CCA-96E1-4E7A-BAF7-6B021B525AA4}.AppStore|iPhone.Deploy.0 = Release|Any CPU
		{B04B8CCA-96E1-4E7A-BAF7-6B021B525AA4}.AppStore|iPhoneSimulator.ActiveCfg = Release|Any CPU
		{B04B8CCA-96E1-4E7A-BAF7-6B021B525AA4}.AppStore|iPhoneSimulator.Build.0 = Release|Any CPU
		{B04B8CCA-96E1-4E7A-BAF7-6B021B525AA4}.AppStore|iPhoneSimulator.Deploy.0 = Release|Any CPU
		{B04B8CCA-96E1-4E7A-BAF7-6B021B525AA4}.AppStore|x64.ActiveCfg = Release|Any CPU
		{B04B8CCA-96E1-4E7A-BAF7-6B021B525AA4}.AppStore|x64.Build.0 = Release|Any CPU
		{B04B8CCA-96E1-4E7A-BAF7-6B021B525AA4}.AppStore|x64.Deploy.0 = Release|Any CPU
		{B04B8CCA-96E1-4E7A-BAF7-6B021B525AA4}.AppStore|x86.ActiveCfg = Release|Any CPU
		{B04B8CCA-96E1-4E7A-BAF7-6B021B525AA4}.AppStore|x86.Build.0 = Release|Any CPU
		{B04B8CCA-96E1-4E7A-BAF7-6B021B525AA4}.AppStore|x86.Deploy.0 = Release|Any CPU
		{B04B8CCA-96E1-4E7A-BAF7-6B021B525AA4}.Debug|Any CPU.ActiveCfg = Debug|Any CPU
		{B04B8CCA-96E1-4E7A-BAF7-6B021B525AA4}.Debug|Any CPU.Build.0 = Debug|Any CPU
		{B04B8CCA-96E1-4E7A-BAF7-6B021B525AA4}.Debug|Any CPU.Deploy.0 = Debug|Any CPU
		{B04B8CCA-96E1-4E7A-BAF7-6B021B525AA4}.Debug|ARM.ActiveCfg = Debug|Any CPU
		{B04B8CCA-96E1-4E7A-BAF7-6B021B525AA4}.Debug|ARM.Build.0 = Debug|Any CPU
		{B04B8CCA-96E1-4E7A-BAF7-6B021B525AA4}.Debug|ARM.Deploy.0 = Debug|Any CPU
		{B04B8CCA-96E1-4E7A-BAF7-6B021B525AA4}.Debug|iPhone.ActiveCfg = Debug|Any CPU
		{B04B8CCA-96E1-4E7A-BAF7-6B021B525AA4}.Debug|iPhone.Build.0 = Debug|Any CPU
		{B04B8CCA-96E1-4E7A-BAF7-6B021B525AA4}.Debug|iPhone.Deploy.0 = Debug|Any CPU
		{B04B8CCA-96E1-4E7A-BAF7-6B021B525AA4}.Debug|iPhoneSimulator.ActiveCfg = Debug|Any CPU
		{B04B8CCA-96E1-4E7A-BAF7-6B021B525AA4}.Debug|iPhoneSimulator.Build.0 = Debug|Any CPU
		{B04B8CCA-96E1-4E7A-BAF7-6B021B525AA4}.Debug|iPhoneSimulator.Deploy.0 = Debug|Any CPU
		{B04B8CCA-96E1-4E7A-BAF7-6B021B525AA4}.Debug|x64.ActiveCfg = Debug|Any CPU
		{B04B8CCA-96E1-4E7A-BAF7-6B021B525AA4}.Debug|x64.Build.0 = Debug|Any CPU
		{B04B8CCA-96E1-4E7A-BAF7-6B021B525AA4}.Debug|x64.Deploy.0 = Debug|Any CPU
		{B04B8CCA-96E1-4E7A-BAF7-6B021B525AA4}.Debug|x86.ActiveCfg = Debug|Any CPU
		{B04B8CCA-96E1-4E7A-BAF7-6B021B525AA4}.Debug|x86.Build.0 = Debug|Any CPU
		{B04B8CCA-96E1-4E7A-BAF7-6B021B525AA4}.Debug|x86.Deploy.0 = Debug|Any CPU
		{B04B8CCA-96E1-4E7A-BAF7-6B021B525AA4}.Release|Any CPU.ActiveCfg = Release|Any CPU
		{B04B8CCA-96E1-4E7A-BAF7-6B021B525AA4}.Release|Any CPU.Build.0 = Release|Any CPU
		{B04B8CCA-96E1-4E7A-BAF7-6B021B525AA4}.Release|Any CPU.Deploy.0 = Release|Any CPU
		{B04B8CCA-96E1-4E7A-BAF7-6B021B525AA4}.Release|ARM.ActiveCfg = Release|Any CPU
		{B04B8CCA-96E1-4E7A-BAF7-6B021B525AA4}.Release|ARM.Build.0 = Release|Any CPU
		{B04B8CCA-96E1-4E7A-BAF7-6B021B525AA4}.Release|ARM.Deploy.0 = Release|Any CPU
		{B04B8CCA-96E1-4E7A-BAF7-6B021B525AA4}.Release|iPhone.ActiveCfg = Release|Any CPU
		{B04B8CCA-96E1-4E7A-BAF7-6B021B525AA4}.Release|iPhone.Build.0 = Release|Any CPU
		{B04B8CCA-96E1-4E7A-BAF7-6B021B525AA4}.Release|iPhone.Deploy.0 = Release|Any CPU
		{B04B8CCA-96E1-4E7A-BAF7-6B021B525AA4}.Release|iPhoneSimulator.ActiveCfg = Release|Any CPU
		{B04B8CCA-96E1-4E7A-BAF7-6B021B525AA4}.Release|iPhoneSimulator.Build.0 = Release|Any CPU
		{B04B8CCA-96E1-4E7A-BAF7-6B021B525AA4}.Release|iPhoneSimulator.Deploy.0 = Release|Any CPU
		{B04B8CCA-96E1-4E7A-BAF7-6B021B525AA4}.Release|x64.ActiveCfg = Release|Any CPU
		{B04B8CCA-96E1-4E7A-BAF7-6B021B525AA4}.Release|x64.Build.0 = Release|Any CPU
		{B04B8CCA-96E1-4E7A-BAF7-6B021B525AA4}.Release|x64.Deploy.0 = Release|Any CPU
		{B04B8CCA-96E1-4E7A-BAF7-6B021B525AA4}.Release|x86.ActiveCfg = Release|Any CPU
		{B04B8CCA-96E1-4E7A-BAF7-6B021B525AA4}.Release|x86.Build.0 = Release|Any CPU
		{B04B8CCA-96E1-4E7A-BAF7-6B021B525AA4}.Release|x86.Deploy.0 = Release|Any CPU
		{0B2212A9-FB13-4CE5-A6AB-E8D72B099F44}.Ad-Hoc|Any CPU.ActiveCfg = Release|Any CPU
		{0B2212A9-FB13-4CE5-A6AB-E8D72B099F44}.Ad-Hoc|Any CPU.Build.0 = Release|Any CPU
		{0B2212A9-FB13-4CE5-A6AB-E8D72B099F44}.Ad-Hoc|ARM.ActiveCfg = Release|Any CPU
		{0B2212A9-FB13-4CE5-A6AB-E8D72B099F44}.Ad-Hoc|ARM.Build.0 = Release|Any CPU
		{0B2212A9-FB13-4CE5-A6AB-E8D72B099F44}.Ad-Hoc|iPhone.ActiveCfg = Release|Any CPU
		{0B2212A9-FB13-4CE5-A6AB-E8D72B099F44}.Ad-Hoc|iPhone.Build.0 = Release|Any CPU
		{0B2212A9-FB13-4CE5-A6AB-E8D72B099F44}.Ad-Hoc|iPhoneSimulator.ActiveCfg = Release|Any CPU
		{0B2212A9-FB13-4CE5-A6AB-E8D72B099F44}.Ad-Hoc|iPhoneSimulator.Build.0 = Release|Any CPU
		{0B2212A9-FB13-4CE5-A6AB-E8D72B099F44}.Ad-Hoc|x64.ActiveCfg = Release|Any CPU
		{0B2212A9-FB13-4CE5-A6AB-E8D72B099F44}.Ad-Hoc|x64.Build.0 = Release|Any CPU
		{0B2212A9-FB13-4CE5-A6AB-E8D72B099F44}.Ad-Hoc|x86.ActiveCfg = Release|Any CPU
		{0B2212A9-FB13-4CE5-A6AB-E8D72B099F44}.Ad-Hoc|x86.Build.0 = Release|Any CPU
		{0B2212A9-FB13-4CE5-A6AB-E8D72B099F44}.AppStore|Any CPU.ActiveCfg = Release|Any CPU
		{0B2212A9-FB13-4CE5-A6AB-E8D72B099F44}.AppStore|Any CPU.Build.0 = Release|Any CPU
		{0B2212A9-FB13-4CE5-A6AB-E8D72B099F44}.AppStore|ARM.ActiveCfg = Release|Any CPU
		{0B2212A9-FB13-4CE5-A6AB-E8D72B099F44}.AppStore|ARM.Build.0 = Release|Any CPU
		{0B2212A9-FB13-4CE5-A6AB-E8D72B099F44}.AppStore|iPhone.ActiveCfg = Release|Any CPU
		{0B2212A9-FB13-4CE5-A6AB-E8D72B099F44}.AppStore|iPhone.Build.0 = Release|Any CPU
		{0B2212A9-FB13-4CE5-A6AB-E8D72B099F44}.AppStore|iPhoneSimulator.ActiveCfg = Release|Any CPU
		{0B2212A9-FB13-4CE5-A6AB-E8D72B099F44}.AppStore|iPhoneSimulator.Build.0 = Release|Any CPU
		{0B2212A9-FB13-4CE5-A6AB-E8D72B099F44}.AppStore|x64.ActiveCfg = Release|Any CPU
		{0B2212A9-FB13-4CE5-A6AB-E8D72B099F44}.AppStore|x64.Build.0 = Release|Any CPU
		{0B2212A9-FB13-4CE5-A6AB-E8D72B099F44}.AppStore|x86.ActiveCfg = Release|Any CPU
		{0B2212A9-FB13-4CE5-A6AB-E8D72B099F44}.AppStore|x86.Build.0 = Release|Any CPU
		{0B2212A9-FB13-4CE5-A6AB-E8D72B099F44}.Debug|Any CPU.ActiveCfg = Debug|Any CPU
		{0B2212A9-FB13-4CE5-A6AB-E8D72B099F44}.Debug|Any CPU.Build.0 = Debug|Any CPU
		{0B2212A9-FB13-4CE5-A6AB-E8D72B099F44}.Debug|ARM.ActiveCfg = Debug|Any CPU
		{0B2212A9-FB13-4CE5-A6AB-E8D72B099F44}.Debug|ARM.Build.0 = Debug|Any CPU
		{0B2212A9-FB13-4CE5-A6AB-E8D72B099F44}.Debug|iPhone.ActiveCfg = Debug|Any CPU
		{0B2212A9-FB13-4CE5-A6AB-E8D72B099F44}.Debug|iPhone.Build.0 = Debug|Any CPU
		{0B2212A9-FB13-4CE5-A6AB-E8D72B099F44}.Debug|iPhoneSimulator.ActiveCfg = Debug|Any CPU
		{0B2212A9-FB13-4CE5-A6AB-E8D72B099F44}.Debug|iPhoneSimulator.Build.0 = Debug|Any CPU
		{0B2212A9-FB13-4CE5-A6AB-E8D72B099F44}.Debug|x64.ActiveCfg = Debug|Any CPU
		{0B2212A9-FB13-4CE5-A6AB-E8D72B099F44}.Debug|x64.Build.0 = Debug|Any CPU
		{0B2212A9-FB13-4CE5-A6AB-E8D72B099F44}.Debug|x86.ActiveCfg = Debug|Any CPU
		{0B2212A9-FB13-4CE5-A6AB-E8D72B099F44}.Debug|x86.Build.0 = Debug|Any CPU
		{0B2212A9-FB13-4CE5-A6AB-E8D72B099F44}.Release|Any CPU.ActiveCfg = Release|Any CPU
		{0B2212A9-FB13-4CE5-A6AB-E8D72B099F44}.Release|Any CPU.Build.0 = Release|Any CPU
		{0B2212A9-FB13-4CE5-A6AB-E8D72B099F44}.Release|ARM.ActiveCfg = Release|Any CPU
		{0B2212A9-FB13-4CE5-A6AB-E8D72B099F44}.Release|ARM.Build.0 = Release|Any CPU
		{0B2212A9-FB13-4CE5-A6AB-E8D72B099F44}.Release|iPhone.ActiveCfg = Release|Any CPU
		{0B2212A9-FB13-4CE5-A6AB-E8D72B099F44}.Release|iPhone.Build.0 = Release|Any CPU
		{0B2212A9-FB13-4CE5-A6AB-E8D72B099F44}.Release|iPhoneSimulator.ActiveCfg = Release|Any CPU
		{0B2212A9-FB13-4CE5-A6AB-E8D72B099F44}.Release|iPhoneSimulator.Build.0 = Release|Any CPU
		{0B2212A9-FB13-4CE5-A6AB-E8D72B099F44}.Release|x64.ActiveCfg = Release|Any CPU
		{0B2212A9-FB13-4CE5-A6AB-E8D72B099F44}.Release|x64.Build.0 = Release|Any CPU
		{0B2212A9-FB13-4CE5-A6AB-E8D72B099F44}.Release|x86.ActiveCfg = Release|Any CPU
		{0B2212A9-FB13-4CE5-A6AB-E8D72B099F44}.Release|x86.Build.0 = Release|Any CPU
		{4169D631-7786-40DC-BF7F-48747D339B84}.Ad-Hoc|Any CPU.ActiveCfg = Release|x86
		{4169D631-7786-40DC-BF7F-48747D339B84}.Ad-Hoc|Any CPU.Build.0 = Release|x86
		{4169D631-7786-40DC-BF7F-48747D339B84}.Ad-Hoc|Any CPU.Deploy.0 = Release|x86
		{4169D631-7786-40DC-BF7F-48747D339B84}.Ad-Hoc|ARM.ActiveCfg = Release|ARM
		{4169D631-7786-40DC-BF7F-48747D339B84}.Ad-Hoc|ARM.Build.0 = Release|ARM
		{4169D631-7786-40DC-BF7F-48747D339B84}.Ad-Hoc|ARM.Deploy.0 = Release|ARM
		{4169D631-7786-40DC-BF7F-48747D339B84}.Ad-Hoc|iPhone.ActiveCfg = Release|x86
		{4169D631-7786-40DC-BF7F-48747D339B84}.Ad-Hoc|iPhone.Build.0 = Release|x86
		{4169D631-7786-40DC-BF7F-48747D339B84}.Ad-Hoc|iPhone.Deploy.0 = Release|x86
		{4169D631-7786-40DC-BF7F-48747D339B84}.Ad-Hoc|iPhoneSimulator.ActiveCfg = Release|x86
		{4169D631-7786-40DC-BF7F-48747D339B84}.Ad-Hoc|iPhoneSimulator.Build.0 = Release|x86
		{4169D631-7786-40DC-BF7F-48747D339B84}.Ad-Hoc|iPhoneSimulator.Deploy.0 = Release|x86
		{4169D631-7786-40DC-BF7F-48747D339B84}.Ad-Hoc|x64.ActiveCfg = Release|x64
		{4169D631-7786-40DC-BF7F-48747D339B84}.Ad-Hoc|x64.Build.0 = Release|x64
		{4169D631-7786-40DC-BF7F-48747D339B84}.Ad-Hoc|x64.Deploy.0 = Release|x64
		{4169D631-7786-40DC-BF7F-48747D339B84}.Ad-Hoc|x86.ActiveCfg = Release|x86
		{4169D631-7786-40DC-BF7F-48747D339B84}.Ad-Hoc|x86.Build.0 = Release|x86
		{4169D631-7786-40DC-BF7F-48747D339B84}.Ad-Hoc|x86.Deploy.0 = Release|x86
		{4169D631-7786-40DC-BF7F-48747D339B84}.AppStore|Any CPU.ActiveCfg = Release|x86
		{4169D631-7786-40DC-BF7F-48747D339B84}.AppStore|Any CPU.Build.0 = Release|x86
		{4169D631-7786-40DC-BF7F-48747D339B84}.AppStore|Any CPU.Deploy.0 = Release|x86
		{4169D631-7786-40DC-BF7F-48747D339B84}.AppStore|ARM.ActiveCfg = Release|ARM
		{4169D631-7786-40DC-BF7F-48747D339B84}.AppStore|ARM.Build.0 = Release|ARM
		{4169D631-7786-40DC-BF7F-48747D339B84}.AppStore|ARM.Deploy.0 = Release|ARM
		{4169D631-7786-40DC-BF7F-48747D339B84}.AppStore|iPhone.ActiveCfg = Release|x86
		{4169D631-7786-40DC-BF7F-48747D339B84}.AppStore|iPhone.Build.0 = Release|x86
		{4169D631-7786-40DC-BF7F-48747D339B84}.AppStore|iPhone.Deploy.0 = Release|x86
		{4169D631-7786-40DC-BF7F-48747D339B84}.AppStore|iPhoneSimulator.ActiveCfg = Release|x86
		{4169D631-7786-40DC-BF7F-48747D339B84}.AppStore|iPhoneSimulator.Build.0 = Release|x86
		{4169D631-7786-40DC-BF7F-48747D339B84}.AppStore|iPhoneSimulator.Deploy.0 = Release|x86
		{4169D631-7786-40DC-BF7F-48747D339B84}.AppStore|x64.ActiveCfg = Release|x64
		{4169D631-7786-40DC-BF7F-48747D339B84}.AppStore|x64.Build.0 = Release|x64
		{4169D631-7786-40DC-BF7F-48747D339B84}.AppStore|x64.Deploy.0 = Release|x64
		{4169D631-7786-40DC-BF7F-48747D339B84}.AppStore|x86.ActiveCfg = Release|x86
		{4169D631-7786-40DC-BF7F-48747D339B84}.AppStore|x86.Build.0 = Release|x86
		{4169D631-7786-40DC-BF7F-48747D339B84}.AppStore|x86.Deploy.0 = Release|x86
		{4169D631-7786-40DC-BF7F-48747D339B84}.Debug|Any CPU.ActiveCfg = Debug|x86
		{4169D631-7786-40DC-BF7F-48747D339B84}.Debug|ARM.ActiveCfg = Debug|ARM
		{4169D631-7786-40DC-BF7F-48747D339B84}.Debug|ARM.Build.0 = Debug|ARM
		{4169D631-7786-40DC-BF7F-48747D339B84}.Debug|ARM.Deploy.0 = Debug|ARM
		{4169D631-7786-40DC-BF7F-48747D339B84}.Debug|iPhone.ActiveCfg = Debug|x86
		{4169D631-7786-40DC-BF7F-48747D339B84}.Debug|iPhoneSimulator.ActiveCfg = Debug|x86
		{4169D631-7786-40DC-BF7F-48747D339B84}.Debug|x64.ActiveCfg = Debug|x64
		{4169D631-7786-40DC-BF7F-48747D339B84}.Debug|x64.Build.0 = Debug|x64
		{4169D631-7786-40DC-BF7F-48747D339B84}.Debug|x64.Deploy.0 = Debug|x64
		{4169D631-7786-40DC-BF7F-48747D339B84}.Debug|x86.ActiveCfg = Debug|x86
		{4169D631-7786-40DC-BF7F-48747D339B84}.Debug|x86.Build.0 = Debug|x86
		{4169D631-7786-40DC-BF7F-48747D339B84}.Debug|x86.Deploy.0 = Debug|x86
		{4169D631-7786-40DC-BF7F-48747D339B84}.Release|Any CPU.ActiveCfg = Release|x86
		{4169D631-7786-40DC-BF7F-48747D339B84}.Release|ARM.ActiveCfg = Release|ARM
		{4169D631-7786-40DC-BF7F-48747D339B84}.Release|ARM.Build.0 = Release|ARM
		{4169D631-7786-40DC-BF7F-48747D339B84}.Release|ARM.Deploy.0 = Release|ARM
		{4169D631-7786-40DC-BF7F-48747D339B84}.Release|iPhone.ActiveCfg = Release|x86
		{4169D631-7786-40DC-BF7F-48747D339B84}.Release|iPhoneSimulator.ActiveCfg = Release|x86
		{4169D631-7786-40DC-BF7F-48747D339B84}.Release|x64.ActiveCfg = Release|x64
		{4169D631-7786-40DC-BF7F-48747D339B84}.Release|x64.Build.0 = Release|x64
		{4169D631-7786-40DC-BF7F-48747D339B84}.Release|x64.Deploy.0 = Release|x64
		{4169D631-7786-40DC-BF7F-48747D339B84}.Release|x86.ActiveCfg = Release|x86
		{4169D631-7786-40DC-BF7F-48747D339B84}.Release|x86.Build.0 = Release|x86
		{4169D631-7786-40DC-BF7F-48747D339B84}.Release|x86.Deploy.0 = Release|x86
		{8BCA25F8-0247-4F20-8016-801B69D13BF1}.Ad-Hoc|Any CPU.ActiveCfg = Ad-Hoc|iPhoneSimulator
		{8BCA25F8-0247-4F20-8016-801B69D13BF1}.Ad-Hoc|ARM.ActiveCfg = Ad-Hoc|iPhone
		{8BCA25F8-0247-4F20-8016-801B69D13BF1}.Ad-Hoc|iPhone.ActiveCfg = Ad-Hoc|iPhone
		{8BCA25F8-0247-4F20-8016-801B69D13BF1}.Ad-Hoc|iPhone.Build.0 = Ad-Hoc|iPhone
		{8BCA25F8-0247-4F20-8016-801B69D13BF1}.Ad-Hoc|iPhoneSimulator.ActiveCfg = Ad-Hoc|iPhoneSimulator
		{8BCA25F8-0247-4F20-8016-801B69D13BF1}.Ad-Hoc|iPhoneSimulator.Build.0 = Ad-Hoc|iPhoneSimulator
		{8BCA25F8-0247-4F20-8016-801B69D13BF1}.Ad-Hoc|x64.ActiveCfg = Ad-Hoc|iPhone
		{8BCA25F8-0247-4F20-8016-801B69D13BF1}.Ad-Hoc|x86.ActiveCfg = Ad-Hoc|iPhone
		{8BCA25F8-0247-4F20-8016-801B69D13BF1}.AppStore|Any CPU.ActiveCfg = AppStore|iPhoneSimulator
		{8BCA25F8-0247-4F20-8016-801B69D13BF1}.AppStore|ARM.ActiveCfg = AppStore|iPhone
		{8BCA25F8-0247-4F20-8016-801B69D13BF1}.AppStore|iPhone.ActiveCfg = AppStore|iPhone
		{8BCA25F8-0247-4F20-8016-801B69D13BF1}.AppStore|iPhone.Build.0 = AppStore|iPhone
		{8BCA25F8-0247-4F20-8016-801B69D13BF1}.AppStore|iPhoneSimulator.ActiveCfg = AppStore|iPhoneSimulator
		{8BCA25F8-0247-4F20-8016-801B69D13BF1}.AppStore|iPhoneSimulator.Build.0 = AppStore|iPhoneSimulator
		{8BCA25F8-0247-4F20-8016-801B69D13BF1}.AppStore|x64.ActiveCfg = AppStore|iPhone
		{8BCA25F8-0247-4F20-8016-801B69D13BF1}.AppStore|x86.ActiveCfg = AppStore|iPhone
		{8BCA25F8-0247-4F20-8016-801B69D13BF1}.Debug|Any CPU.ActiveCfg = Debug|iPhoneSimulator
		{8BCA25F8-0247-4F20-8016-801B69D13BF1}.Debug|ARM.ActiveCfg = Debug|iPhone
		{8BCA25F8-0247-4F20-8016-801B69D13BF1}.Debug|iPhone.ActiveCfg = Debug|iPhone
		{8BCA25F8-0247-4F20-8016-801B69D13BF1}.Debug|iPhone.Build.0 = Debug|iPhone
		{8BCA25F8-0247-4F20-8016-801B69D13BF1}.Debug|iPhoneSimulator.ActiveCfg = Debug|iPhoneSimulator
		{8BCA25F8-0247-4F20-8016-801B69D13BF1}.Debug|iPhoneSimulator.Build.0 = Debug|iPhoneSimulator
		{8BCA25F8-0247-4F20-8016-801B69D13BF1}.Debug|x64.ActiveCfg = Debug|iPhone
		{8BCA25F8-0247-4F20-8016-801B69D13BF1}.Debug|x86.ActiveCfg = Debug|iPhone
		{8BCA25F8-0247-4F20-8016-801B69D13BF1}.Release|Any CPU.ActiveCfg = Release|iPhoneSimulator
		{8BCA25F8-0247-4F20-8016-801B69D13BF1}.Release|ARM.ActiveCfg = Release|iPhone
		{8BCA25F8-0247-4F20-8016-801B69D13BF1}.Release|iPhone.ActiveCfg = Release|iPhone
		{8BCA25F8-0247-4F20-8016-801B69D13BF1}.Release|iPhone.Build.0 = Release|iPhone
		{8BCA25F8-0247-4F20-8016-801B69D13BF1}.Release|iPhoneSimulator.ActiveCfg = Release|iPhoneSimulator
		{8BCA25F8-0247-4F20-8016-801B69D13BF1}.Release|iPhoneSimulator.Build.0 = Release|iPhoneSimulator
		{8BCA25F8-0247-4F20-8016-801B69D13BF1}.Release|x64.ActiveCfg = Release|iPhone
		{8BCA25F8-0247-4F20-8016-801B69D13BF1}.Release|x86.ActiveCfg = Release|iPhone
	EndGlobalSection
	GlobalSection(SolutionProperties) = preSolution
		HideSolutionNode = FALSE
	EndGlobalSection
	GlobalSection(ExtensibilityGlobals) = postSolution
		SolutionGuid = {25E154A2-33E7-45DA-86C2-DA9F751E6938}
	EndGlobalSection
EndGlobal
